Microsoft Visual Studio Solution File, Format Version 12.00
# Visual Studio Version 17
VisualStudioVersion = 17.5.2.0
MinimumVisualStudioVersion = 10.0.40219.1
Project("{2150E333-8FDC-42A3-9474-1A3956D46DE8}") = "backend", "backend", "{1AE8ACA6-933B-BF2A-3671-3E2EAC007D16}"
EndProject
Project("{2150E333-8FDC-42A3-9474-1A3956D46DE8}") = "Src", "Src", "{0F9113EE-888A-26D2-68B0-4A7D0A2A8745}"
EndProject
Project("{FAE04EC0-301F-11D3-BF4B-00C04F79EFBC}") = "PIED_LMS.Domain", "backend\Src\PIED_LMS.Domain\PIED_LMS.Domain.csproj", "{1C9C9745-519B-E60C-2634-6225A7E6EC7B}"
EndProject
Project("{FAE04EC0-301F-11D3-BF4B-00C04F79EFBC}") = "PIED_LMS.Persistence", "backend\Src\PIED_LMS.Persistence\PIED_LMS.Persistence.csproj", "{26339A76-78C0-1142-B854-26A3ADEF064E}"
EndProject
Project("{FAE04EC0-301F-11D3-BF4B-00C04F79EFBC}") = "PIED_LMS.Presentation", "backend\Src\PIED_LMS.Presentation\PIED_LMS.Presentation.csproj", "{45114797-1943-8518-D318-89E09F41813E}"
EndProject
Project("{FAE04EC0-301F-11D3-BF4B-00C04F79EFBC}") = "PIED_LMS.API", "backend\Src\PIED_LMS.API\PIED_LMS.API.csproj", "{A68465DF-8CDF-E843-F001-E742D9D9DEB2}"
EndProject
Project("{FAE04EC0-301F-11D3-BF4B-00C04F79EFBC}") = "PIED_LMS.Application", "backend\Src\PIED_LMS.Application\PIED_LMS.Application.csproj", "{6E7B4049-25F1-7E07-A780-DF2679E5B44C}"
EndProject
Project("{FAE04EC0-301F-11D3-BF4B-00C04F79EFBC}") = "PIED_LMS.Contract", "backend\Src\PIED_LMS.Contract\PIED_LMS.Contract.csproj", "{968C77ED-0B39-5F71-1418-874BEA5A2C0D}"
EndProject
Project("{FAE04EC0-301F-11D3-BF4B-00C04F79EFBC}") = "PIED_LMS.Infrastructure", "backend\Src\PIED_LMS.Infrastructure\PIED_LMS.Infrastructure.csproj", "{A1994B3F-CB1D-F2F4-3A7D-BFF12E330E57}"
EndProject
Global
	GlobalSection(SolutionConfigurationPlatforms) = preSolution
		Debug|Any CPU = Debug|Any CPU
		Release|Any CPU = Release|Any CPU
	EndGlobalSection
	GlobalSection(ProjectConfigurationPlatforms) = postSolution
		{1C9C9745-519B-E60C-2634-6225A7E6EC7B}.Debug|Any CPU.ActiveCfg = Debug|Any CPU
		{1C9C9745-519B-E60C-2634-6225A7E6EC7B}.Debug|Any CPU.Build.0 = Debug|Any CPU
		{1C9C9745-519B-E60C-2634-6225A7E6EC7B}.Release|Any CPU.ActiveCfg = Release|Any CPU
		{1C9C9745-519B-E60C-2634-6225A7E6EC7B}.Release|Any CPU.Build.0 = Release|Any CPU
		{26339A76-78C0-1142-B854-26A3ADEF064E}.Debug|Any CPU.ActiveCfg = Debug|Any CPU
		{26339A76-78C0-1142-B854-26A3ADEF064E}.Debug|Any CPU.Build.0 = Debug|Any CPU
		{26339A76-78C0-1142-B854-26A3ADEF064E}.Release|Any CPU.ActiveCfg = Release|Any CPU
		{26339A76-78C0-1142-B854-26A3ADEF064E}.Release|Any CPU.Build.0 = Release|Any CPU
		{45114797-1943-8518-D318-89E09F41813E}.Debug|Any CPU.ActiveCfg = Debug|Any CPU
		{45114797-1943-8518-D318-89E09F41813E}.Debug|Any CPU.Build.0 = Debug|Any CPU
		{45114797-1943-8518-D318-89E09F41813E}.Release|Any CPU.ActiveCfg = Release|Any CPU
		{45114797-1943-8518-D318-89E09F41813E}.Release|Any CPU.Build.0 = Release|Any CPU
		{A68465DF-8CDF-E843-F001-E742D9D9DEB2}.Debug|Any CPU.ActiveCfg = Debug|Any CPU
		{A68465DF-8CDF-E843-F001-E742D9D9DEB2}.Debug|Any CPU.Build.0 = Debug|Any CPU
		{A68465DF-8CDF-E843-F001-E742D9D9DEB2}.Release|Any CPU.ActiveCfg = Release|Any CPU
		{A68465DF-8CDF-E843-F001-E742D9D9DEB2}.Release|Any CPU.Build.0 = Release|Any CPU
		{6E7B4049-25F1-7E07-A780-DF2679E5B44C}.Debug|Any CPU.ActiveCfg = Debug|Any CPU
		{6E7B4049-25F1-7E07-A780-DF2679E5B44C}.Debug|Any CPU.Build.0 = Debug|Any CPU
		{6E7B4049-25F1-7E07-A780-DF2679E5B44C}.Release|Any CPU.ActiveCfg = Release|Any CPU
		{6E7B4049-25F1-7E07-A780-DF2679E5B44C}.Release|Any CPU.Build.0 = Release|Any CPU
		{968C77ED-0B39-5F71-1418-874BEA5A2C0D}.Debug|Any CPU.ActiveCfg = Debug|Any CPU
		{968C77ED-0B39-5F71-1418-874BEA5A2C0D}.Debug|Any CPU.Build.0 = Debug|Any CPU
		{968C77ED-0B39-5F71-1418-874BEA5A2C0D}.Release|Any CPU.ActiveCfg = Release|Any CPU
		{968C77ED-0B39-5F71-1418-874BEA5A2C0D}.Release|Any CPU.Build.0 = Release|Any CPU
		{A1994B3F-CB1D-F2F4-3A7D-BFF12E330E57}.Debug|Any CPU.ActiveCfg = Debug|Any CPU
		{A1994B3F-CB1D-F2F4-3A7D-BFF12E330E57}.Debug|Any CPU.Build.0 = Debug|Any CPU
		{A1994B3F-CB1D-F2F4-3A7D-BFF12E330E57}.Release|Any CPU.ActiveCfg = Release|Any CPU
		{A1994B3F-CB1D-F2F4-3A7D-BFF12E330E57}.Release|Any CPU.Build.0 = Release|Any CPU
	EndGlobalSection
	GlobalSection(SolutionProperties) = preSolution
		HideSolutionNode = FALSE
	EndGlobalSection
	GlobalSection(NestedProjects) = preSolution
		{0F9113EE-888A-26D2-68B0-4A7D0A2A8745} = {1AE8ACA6-933B-BF2A-3671-3E2EAC007D16}
		{1C9C9745-519B-E60C-2634-6225A7E6EC7B} = {0F9113EE-888A-26D2-68B0-4A7D0A2A8745}
		{26339A76-78C0-1142-B854-26A3ADEF064E} = {0F9113EE-888A-26D2-68B0-4A7D0A2A8745}
		{45114797-1943-8518-D318-89E09F41813E} = {0F9113EE-888A-26D2-68B0-4A7D0A2A8745}
		{A68465DF-8CDF-E843-F001-E742D9D9DEB2} = {0F9113EE-888A-26D2-68B0-4A7D0A2A8745}
		{6E7B4049-25F1-7E07-A780-DF2679E5B44C} = {0F9113EE-888A-26D2-68B0-4A7D0A2A8745}
		{968C77ED-0B39-5F71-1418-874BEA5A2C0D} = {0F9113EE-888A-26D2-68B0-4A7D0A2A8745}
		{A1994B3F-CB1D-F2F4-3A7D-BFF12E330E57} = {0F9113EE-888A-26D2-68B0-4A7D0A2A8745}
	EndGlobalSection
	GlobalSection(ExtensibilityGlobals) = postSolution
		SolutionGuid = {8F5925FD-AD68-4B34-AA22-1F866A7CB498}
	EndGlobalSection
EndGlobal
